
Microsoft Visual Studio Solution File, Format Version 12.00
# Visual Studio Version 17
VisualStudioVersion = 17.8.34511.84
MinimumVisualStudioVersion = 10.0.40219.1
Project("{FAE04EC0-301F-11D3-BF4B-00C04F79EFBC}") = "PrintService", "PrintService.csproj", "{64C9A596-4CB5-48E8-85E3-501AD52C1C06}"
EndProject
Global
	GlobalSection(SolutionConfigurationPlatforms) = preSolution
		Debug|Any CPU = Debug|Any CPU
		Release|Any CPU = Release|Any CPU
	EndGlobalSection
	GlobalSection(ProjectConfigurationPlatforms) = postSolution
		{64C9A596-4CB5-48E8-85E3-501AD52C1C06}.Debug|Any CPU.ActiveCfg = Debug|Any CPU
		{64C9A596-4CB5-48E8-85E3-501AD52C1C06}.Debug|Any CPU.Build.0 = Debug|Any CPU
		{64C9A596-4CB5-48E8-85E3-501AD52C1C06}.Release|Any CPU.ActiveCfg = Release|Any CPU
		{64C9A596-4CB5-48E8-85E3-501AD52C1C06}.Release|Any CPU.Build.0 = Release|Any CPU
	EndGlobalSection
	GlobalSection(SolutionProperties) = preSolution
		HideSolutionNode = FALSE
	EndGlobalSection
	GlobalSection(ExtensibilityGlobals) = postSolution
		SolutionGuid = {4CD0132B-A9EE-40F5-822A-FEB4D7EFB9B2}
	EndGlobalSection
EndGlobal
